
Microsoft Visual Studio Solution File, Format Version 12.00
# Visual Studio Version 17
VisualStudioVersion = 17.7.34031.279
MinimumVisualStudioVersion = 10.0.40219.1
Project("{2150E333-8FDC-42A3-9474-1A3956D46DE8}") = "Dapper", "Dapper", "{14D14017-3716-4CF1-A5C3-D5A780214F4F}"
EndProject
Project("{9A19103F-16F7-4668-BE54-9A1E7A4F7556}") = "TMS.Dapper.BLL", "Dapper\TMS.Dapper.BLL\TMS.Dapper.BLL.csproj", "{3FE84EA0-A1D7-437B-A1E2-D4D8EE5C858E}"
EndProject
Project("{9A19103F-16F7-4668-BE54-9A1E7A4F7556}") = "TMS.Dapper.Common", "Dapper\TMS.Dapper.Common\TMS.Dapper.Common.csproj", "{67E6F0DF-A093-4F5A-B787-24FEBBD90932}"
EndProject
Project("{9A19103F-16F7-4668-BE54-9A1E7A4F7556}") = "TMS.Dapper.DAL", "Dapper\TMS.Dapper.DAL\TMS.Dapper.DAL.csproj", "{48A828CA-FC78-400E-B4ED-9A1F25412C87}"
EndProject
Project("{9A19103F-16F7-4668-BE54-9A1E7A4F7556}") = "TMS.Dapper.Web", "Dapper\TMS.Dapper.Web\TMS.Dapper.Web.csproj", "{DBF969FE-7AC0-462E-BF84-D6B288BB3913}"
EndProject
Project("{2150E333-8FDC-42A3-9474-1A3956D46DE8}") = "EF_NTier", "EF_NTier", "{A6201917-1B95-40A4-AF43-372068EF2DB7}"
EndProject
Project("{FAE04EC0-301F-11D3-BF4B-00C04F79EFBC}") = "TMS.EF.NTier.Web", "EF_NTier\TMS.EF.NTier.Web\TMS.EF.NTier.Web.csproj", "{B5772082-3A94-4A02-8717-359464E003E2}"
EndProject
Project("{FAE04EC0-301F-11D3-BF4B-00C04F79EFBC}") = "TMS.EF.NTier.DAL", "EF_NTier\TMS.EF.NTier.DAL\TMS.EF.NTier.DAL.csproj", "{B4D5C8EA-4328-4A46-9506-04BF59AFA355}"
EndProject
Project("{FAE04EC0-301F-11D3-BF4B-00C04F79EFBC}") = "TMS.EF.NTier.Common", "EF_NTier\TMS.EF.NTier.Common\TMS.EF.NTier.Common.csproj", "{8637CEE5-73EA-492F-BBEA-5632708F7669}"
EndProject
Project("{9A19103F-16F7-4668-BE54-9A1E7A4F7556}") = "TMS.EF.NTier.BLL", "EF_NTier\TMS.EF.NTier.BLL\TMS.EF.NTier.BLL.csproj", "{F54F78CD-A505-4DD5-812D-B2E6630D7DDA}"
EndProject
Global
	GlobalSection(SolutionConfigurationPlatforms) = preSolution
		Debug|Any CPU = Debug|Any CPU
		Release|Any CPU = Release|Any CPU
	EndGlobalSection
	GlobalSection(ProjectConfigurationPlatforms) = postSolution
		{3FE84EA0-A1D7-437B-A1E2-D4D8EE5C858E}.Debug|Any CPU.ActiveCfg = Debug|Any CPU
		{3FE84EA0-A1D7-437B-A1E2-D4D8EE5C858E}.Debug|Any CPU.Build.0 = Debug|Any CPU
		{3FE84EA0-A1D7-437B-A1E2-D4D8EE5C858E}.Release|Any CPU.ActiveCfg = Release|Any CPU
		{3FE84EA0-A1D7-437B-A1E2-D4D8EE5C858E}.Release|Any CPU.Build.0 = Release|Any CPU
		{67E6F0DF-A093-4F5A-B787-24FEBBD90932}.Debug|Any CPU.ActiveCfg = Debug|Any CPU
		{67E6F0DF-A093-4F5A-B787-24FEBBD90932}.Debug|Any CPU.Build.0 = Debug|Any CPU
		{67E6F0DF-A093-4F5A-B787-24FEBBD90932}.Release|Any CPU.ActiveCfg = Release|Any CPU
		{67E6F0DF-A093-4F5A-B787-24FEBBD90932}.Release|Any CPU.Build.0 = Release|Any CPU
		{48A828CA-FC78-400E-B4ED-9A1F25412C87}.Debug|Any CPU.ActiveCfg = Debug|Any CPU
		{48A828CA-FC78-400E-B4ED-9A1F25412C87}.Debug|Any CPU.Build.0 = Debug|Any CPU
		{48A828CA-FC78-400E-B4ED-9A1F25412C87}.Release|Any CPU.ActiveCfg = Release|Any CPU
		{48A828CA-FC78-400E-B4ED-9A1F25412C87}.Release|Any CPU.Build.0 = Release|Any CPU
		{DBF969FE-7AC0-462E-BF84-D6B288BB3913}.Debug|Any CPU.ActiveCfg = Debug|Any CPU
		{DBF969FE-7AC0-462E-BF84-D6B288BB3913}.Debug|Any CPU.Build.0 = Debug|Any CPU
		{DBF969FE-7AC0-462E-BF84-D6B288BB3913}.Release|Any CPU.ActiveCfg = Release|Any CPU
		{DBF969FE-7AC0-462E-BF84-D6B288BB3913}.Release|Any CPU.Build.0 = Release|Any CPU
		{B5772082-3A94-4A02-8717-359464E003E2}.Debug|Any CPU.ActiveCfg = Debug|Any CPU
		{B5772082-3A94-4A02-8717-359464E003E2}.Debug|Any CPU.Build.0 = Debug|Any CPU
		{B5772082-3A94-4A02-8717-359464E003E2}.Release|Any CPU.ActiveCfg = Release|Any CPU
		{B5772082-3A94-4A02-8717-359464E003E2}.Release|Any CPU.Build.0 = Release|Any CPU
		{B4D5C8EA-4328-4A46-9506-04BF59AFA355}.Debug|Any CPU.ActiveCfg = Debug|Any CPU
		{B4D5C8EA-4328-4A46-9506-04BF59AFA355}.Debug|Any CPU.Build.0 = Debug|Any CPU
		{B4D5C8EA-4328-4A46-9506-04BF59AFA355}.Release|Any CPU.ActiveCfg = Release|Any CPU
		{B4D5C8EA-4328-4A46-9506-04BF59AFA355}.Release|Any CPU.Build.0 = Release|Any CPU
		{8637CEE5-73EA-492F-BBEA-5632708F7669}.Debug|Any CPU.ActiveCfg = Debug|Any CPU
		{8637CEE5-73EA-492F-BBEA-5632708F7669}.Debug|Any CPU.Build.0 = Debug|Any CPU
		{8637CEE5-73EA-492F-BBEA-5632708F7669}.Release|Any CPU.ActiveCfg = Release|Any CPU
		{8637CEE5-73EA-492F-BBEA-5632708F7669}.Release|Any CPU.Build.0 = Release|Any CPU
		{F54F78CD-A505-4DD5-812D-B2E6630D7DDA}.Debug|Any CPU.ActiveCfg = Debug|Any CPU
		{F54F78CD-A505-4DD5-812D-B2E6630D7DDA}.Debug|Any CPU.Build.0 = Debug|Any CPU
		{F54F78CD-A505-4DD5-812D-B2E6630D7DDA}.Release|Any CPU.ActiveCfg = Release|Any CPU
		{F54F78CD-A505-4DD5-812D-B2E6630D7DDA}.Release|Any CPU.Build.0 = Release|Any CPU
	EndGlobalSection
	GlobalSection(SolutionProperties) = preSolution
		HideSolutionNode = FALSE
	EndGlobalSection
	GlobalSection(NestedProjects) = preSolution
		{3FE84EA0-A1D7-437B-A1E2-D4D8EE5C858E} = {14D14017-3716-4CF1-A5C3-D5A780214F4F}
		{67E6F0DF-A093-4F5A-B787-24FEBBD90932} = {14D14017-3716-4CF1-A5C3-D5A780214F4F}
		{48A828CA-FC78-400E-B4ED-9A1F25412C87} = {14D14017-3716-4CF1-A5C3-D5A780214F4F}
		{DBF969FE-7AC0-462E-BF84-D6B288BB3913} = {14D14017-3716-4CF1-A5C3-D5A780214F4F}
		{B5772082-3A94-4A02-8717-359464E003E2} = {A6201917-1B95-40A4-AF43-372068EF2DB7}
		{B4D5C8EA-4328-4A46-9506-04BF59AFA355} = {A6201917-1B95-40A4-AF43-372068EF2DB7}
		{8637CEE5-73EA-492F-BBEA-5632708F7669} = {A6201917-1B95-40A4-AF43-372068EF2DB7}
		{F54F78CD-A505-4DD5-812D-B2E6630D7DDA} = {A6201917-1B95-40A4-AF43-372068EF2DB7}
	EndGlobalSection
	GlobalSection(ExtensibilityGlobals) = postSolution
		SolutionGuid = {55C063EC-462C-453A-AB42-6678C6AAC473}
	EndGlobalSection
EndGlobal
